{
  "lockfileVersion": 1,
  "configVersion": 0,
  "workspaces": {
    "": {
      "name": "iq-gateway",
      "dependencies": {
        "@bonfida/spl-name-service": "^3.0.21",
        "@coral-xyz/anchor": "^0.32.1",
        "@iqlabs-official/ethereum-sdk": "^0.4.1",
        "@iqlabs-official/solana-sdk": "0.3.6",
        "@metaplex-foundation/mpl-token-metadata": "^3.4.0",
        "@metaplex-foundation/umi": "^1.4.1",
        "@metaplex-foundation/umi-bundle-defaults": "^1.4.1",
        "@noble/hashes": "^1.8.0",
        "@resvg/resvg-js": "^2.6.2",
        "@solana/spl-token": "^0.4.14",
        "@solana/web3.js": "^1.99.0",
        "bs58": "^4.0.1",
        "dotenv": "^17.2.3",
        "ethers": "^6.16.0",
        "hono": "^4.13.8",
        "swagger-ui-dist": "^5.32.6",
      },
      "devDependencies": {
        "@types/bun": "latest",
        "@types/node": "^22.0.0",
      },
    },
  },
  "packages": {
    "@adraffy/ens-normalize": ["@adraffy/ens-normalize@1.11.1", "", {}, "sha512-nhCBV3quEgesuf7c7KYfperqSS14T8bYuvJ8PcLJp6znkZpFc0AuW4qBtr8eKVyPPe/8RSr7sglCWPU5eaxwKQ=="],

    "@babel/runtime": ["@babel/runtime@7.29.7", "", {}, "sha512-Nq8OhGWiZIZGV6hLHoyAKLLcJihP/xFeBMGJoUrxTX2psI8dCifzLhZISFb+VWS3wFMRDmCGw5R+dOySCqPLhw=="],

    "@bonfida/sns-records": ["@bonfida/sns-records@0.1.0", "", { "dependencies": { "borsh": "1.0.0", "bs58": "5.0.0", "buffer": "^6.0.3" }, "peerDependencies": { "@solana/web3.js": "^1.87.3" } }, "sha512-/viuqvsjvAUjFxzqX0L3ZntfK1S5K1Nj+j2avxq2tCXhA2Ee7Qt0gPCaQKuMv3hh8cKAEMaZ8crZHomns3UuqA=="],

    "@bonfida/spl-name-service": ["@bonfida/spl-name-service@3.0.21", "", { "dependencies": { "@bonfida/sns-records": "0.1.0", "@noble/curves": "^1.9.1", "@scure/base": "^1.2.5", "@solana/spl-token": "0.4.6", "borsh": "2.0.0", "buffer": "^6.0.3", "graphemesplit": "^2.6.0", "ipaddr.js": "^2.2.0", "punycode": "^2.3.1" }, "peerDependencies": { "@solana/web3.js": "^1.98.2" } }, "sha512-dYKZwG2ColaDUvX+ZrzcPtE6sQcNNwXywMsLit57Z+bKSEYQdIFxncrDSSzjLKcxQRFPUQObptaSEcv+ZwcMQA=="],

    "@coral-xyz/anchor": ["@coral-xyz/anchor@0.32.1", "", { "dependencies": { "@coral-xyz/anchor-errors": "^0.31.1", "@coral-xyz/borsh": "^0.31.1", "@noble/hashes": "^1.3.1", "@solana/web3.js": "^1.69.0", "bn.js": "^5.1.2", "bs58": "^4.0.1", "buffer-layout": "^1.2.2", "camelcase": "^6.3.0", "cross-fetch": "^3.1.5", "eventemitter3": "^4.0.7", "pako": "^2.0.3", "superstruct": "^0.15.4", "toml": "^3.0.0" } }, ""],

    "@coral-xyz/anchor-errors": ["@coral-xyz/anchor-errors@0.31.1", "", {}, ""],

    "@coral-xyz/borsh": ["@coral-xyz/borsh@0.31.1", "", { "dependencies": { "bn.js": "^5.1.2", "buffer-layout": "^1.2.0" }, "peerDependencies": { "@solana/web3.js": "^1.69.0" } }, ""],

    "@iqlabs-official/ethereum-sdk": ["@iqlabs-official/ethereum-sdk@0.4.1", "", { "dependencies": { "@noble/curves": "^2.0.1", "dotenv": "^17.4.1", "ethers": "^6.16.0" } }, "sha512-+KRYOGr5dRHi3hLjZIpxpaviXzDDBJUQzc4qBu3j2rWybzmprzDFl0MuR/XH3FSrdpIOaC0Se7EtUvSR4kBZzA=="],

    "@iqlabs-official/solana-sdk": ["@iqlabs-official/solana-sdk@0.3.6", "", { "dependencies": { "@coral-xyz/anchor": "^0.32.1", "@noble/curves": "^2.0.1", "@noble/hashes": "^1.8.0", "@solana/web3.js": "^1.99.0" } }, "sha512-WtvkdQ30xxacEQsxJYyPKGpM34Cx5DJKZA8yMtnDT6InO2iSZK8oh7WNUM7ymXDZsJaHiofUzdMWGJeIWcjQOg=="],

    "@metaplex-foundation/mpl-token-metadata": ["@metaplex-foundation/mpl-token-metadata@3.4.0", "", { "dependencies": { "@metaplex-foundation/mpl-toolbox": "^0.10.0" }, "peerDependencies": { "@metaplex-foundation/umi": ">= 0.8.2 <= 1" } }, ""],

    "@metaplex-foundation/mpl-toolbox": ["@metaplex-foundation/mpl-toolbox@0.10.0", "", { "peerDependencies": { "@metaplex-foundation/umi": ">= 0.8.2 <= 1" } }, ""],

    "@metaplex-foundation/umi": ["@metaplex-foundation/umi@1.5.1", "", { "dependencies": { "@metaplex-foundation/umi-options": "^1.5.1", "@metaplex-foundation/umi-public-keys": "^1.5.1", "@metaplex-foundation/umi-serializers": "^1.5.1" } }, ""],

    "@metaplex-foundation/umi-bundle-defaults": ["@metaplex-foundation/umi-bundle-defaults@1.5.1", "", { "dependencies": { "@metaplex-foundation/umi-downloader-http": "^1.5.1", "@metaplex-foundation/umi-eddsa-web3js": "^1.5.1", "@metaplex-foundation/umi-http-fetch": "^1.5.1", "@metaplex-foundation/umi-program-repository": "^1.5.1", "@metaplex-foundation/umi-rpc-chunk-get-accounts": "^1.5.1", "@metaplex-foundation/umi-rpc-web3js": "^1.5.1", "@metaplex-foundation/umi-serializer-data-view": "^1.5.1", "@metaplex-foundation/umi-transaction-factory-web3js": "^1.5.1" }, "peerDependencies": { "@metaplex-foundation/umi": "^1.5.1", "@solana/web3.js": "^1.72.0" } }, ""],

    "@metaplex-foundation/umi-downloader-http": ["@metaplex-foundation/umi-downloader-http@1.5.1", "", { "peerDependencies": { "@metaplex-foundation/umi": "^1.5.1" } }, ""],

    "@metaplex-foundation/umi-eddsa-web3js": ["@metaplex-foundation/umi-eddsa-web3js@1.5.1", "", { "dependencies": { "@metaplex-foundation/umi-web3js-adapters": "^1.5.1", "@noble/curves": "^1.0.0", "yaml": "^2.7.0" }, "peerDependencies": { "@metaplex-foundation/umi": "^1.5.1", "@solana/web3.js": "^1.72.0" } }, ""],

    "@metaplex-foundation/umi-http-fetch": ["@metaplex-foundation/umi-http-fetch@1.5.1", "", { "dependencies": { "node-fetch": "^2.6.7" }, "peerDependencies": { "@metaplex-foundation/umi": "^1.5.1" } }, ""],

    "@metaplex-foundation/umi-options": ["@metaplex-foundation/umi-options@1.5.1", "", {}, ""],

    "@metaplex-foundation/umi-program-repository": ["@metaplex-foundation/umi-program-repository@1.5.1", "", { "peerDependencies": { "@metaplex-foundation/umi": "^1.5.1" } }, ""],

    "@metaplex-foundation/umi-public-keys": ["@metaplex-foundation/umi-public-keys@1.5.1", "", { "dependencies": { "@metaplex-foundation/umi-serializers-encodings": "^1.5.1" } }, ""],

    "@metaplex-foundation/umi-rpc-chunk-get-accounts": ["@metaplex-foundation/umi-rpc-chunk-get-accounts@1.5.1", "", { "peerDependencies": { "@metaplex-foundation/umi": "^1.5.1" } }, ""],

    "@metaplex-foundation/umi-rpc-web3js": ["@metaplex-foundation/umi-rpc-web3js@1.5.1", "", { "dependencies": { "@metaplex-foundation/umi-web3js-adapters": "^1.5.1" }, "peerDependencies": { "@metaplex-foundation/umi": "^1.5.1", "@solana/web3.js": "^1.72.0" } }, ""],

    "@metaplex-foundation/umi-serializer-data-view": ["@metaplex-foundation/umi-serializer-data-view@1.5.1", "", { "peerDependencies": { "@metaplex-foundation/umi": "^1.5.1" } }, ""],

    "@metaplex-foundation/umi-serializers": ["@metaplex-foundation/umi-serializers@1.5.1", "", { "dependencies": { "@metaplex-foundation/umi-options": "^1.5.1", "@metaplex-foundation/umi-public-keys": "^1.5.1", "@metaplex-foundation/umi-serializers-core": "^1.5.1", "@metaplex-foundation/umi-serializers-encodings": "^1.5.1", "@metaplex-foundation/umi-serializers-numbers": "^1.5.1" } }, ""],

    "@metaplex-foundation/umi-serializers-core": ["@metaplex-foundation/umi-serializers-core@1.5.1", "", {}, ""],

    "@metaplex-foundation/umi-serializers-encodings": ["@metaplex-foundation/umi-serializers-encodings@1.5.1", "", { "dependencies": { "@metaplex-foundation/umi-serializers-core": "^1.5.1" } }, ""],

    "@metaplex-foundation/umi-serializers-numbers": ["@metaplex-foundation/umi-serializers-numbers@1.5.1", "", { "dependencies": { "@metaplex-foundation/umi-serializers-core": "^1.5.1" } }, ""],

    "@metaplex-foundation/umi-transaction-factory-web3js": ["@metaplex-foundation/umi-transaction-factory-web3js@1.5.1", "", { "dependencies": { "@metaplex-foundation/umi-web3js-adapters": "^1.5.1" }, "peerDependencies": { "@metaplex-foundation/umi": "^1.5.1", "@solana/web3.js": "^1.72.0" } }, ""],

    "@metaplex-foundation/umi-web3js-adapters": ["@metaplex-foundation/umi-web3js-adapters@1.5.1", "", { "dependencies": { "buffer": "^6.0.3" }, "peerDependencies": { "@metaplex-foundation/umi": "^1.5.1", "@solana/web3.js": "^1.72.0" } }, ""],

    "@noble/curves": ["@noble/curves@1.9.7", "", { "dependencies": { "@noble/hashes": "1.8.0" } }, ""],

    "@noble/hashes": ["@noble/hashes@1.8.0", "", {}, ""],

    "@resvg/resvg-js": ["@resvg/resvg-js@2.6.2", "", { "optionalDependencies": { "@resvg/resvg-js-android-arm-eabi": "2.6.2", "@resvg/resvg-js-android-arm64": "2.6.2", "@resvg/resvg-js-darwin-arm64": "2.6.2", "@resvg/resvg-js-darwin-x64": "2.6.2", "@resvg/resvg-js-linux-arm-gnueabihf": "2.6.2", "@resvg/resvg-js-linux-arm64-gnu": "2.6.2", "@resvg/resvg-js-linux-arm64-musl": "2.6.2", "@resvg/resvg-js-linux-x64-gnu": "2.6.2", "@resvg/resvg-js-linux-x64-musl": "2.6.2", "@resvg/resvg-js-win32-arm64-msvc": "2.6.2", "@resvg/resvg-js-win32-ia32-msvc": "2.6.2", "@resvg/resvg-js-win32-x64-msvc": "2.6.2" } }, "sha512-xBaJish5OeGmniDj9cW5PRa/PtmuVU3ziqrbr5xJj901ZDN4TosrVaNZpEiLZAxdfnhAe7uQ7QFWfjPe9d9K2Q=="],

    "@resvg/resvg-js-android-arm-eabi": ["@resvg/resvg-js-android-arm-eabi@2.6.2", "", { "os": "android", "cpu": "arm" }, "sha512-FrJibrAk6v29eabIPgcTUMPXiEz8ssrAk7TXxsiZzww9UTQ1Z5KAbFJs+Z0Ez+VZTYgnE5IQJqBcoSiMebtPHA=="],

    "@resvg/resvg-js-android-arm64": ["@resvg/resvg-js-android-arm64@2.6.2", "", { "os": "android", "cpu": "arm64" }, "sha512-VcOKezEhm2VqzXpcIJoITuvUS/fcjIw5NA/w3tjzWyzmvoCdd+QXIqy3FBGulWdClvp4g+IfUemigrkLThSjAQ=="],

    "@resvg/resvg-js-darwin-arm64": ["@resvg/resvg-js-darwin-arm64@2.6.2", "", { "os": "darwin", "cpu": "arm64" }, "sha512-nmok2LnAd6nLUKI16aEB9ydMC6Lidiiq2m1nEBDR1LaaP7FGs4AJ90qDraxX+CWlVuRlvNjyYJTNv8qFjtL9+A=="],

    "@resvg/resvg-js-darwin-x64": ["@resvg/resvg-js-darwin-x64@2.6.2", "", { "os": "darwin", "cpu": "x64" }, "sha512-GInyZLjgWDfsVT6+SHxQVRwNzV0AuA1uqGsOAW+0th56J7Nh6bHHKXHBWzUrihxMetcFDmQMAX1tZ1fZDYSRsw=="],

    "@resvg/resvg-js-linux-arm-gnueabihf": ["@resvg/resvg-js-linux-arm-gnueabihf@2.6.2", "", { "os": "linux", "cpu": "arm" }, "sha512-YIV3u/R9zJbpqTTNwTZM5/ocWetDKGsro0SWp70eGEM9eV2MerWyBRZnQIgzU3YBnSBQ1RcxRZvY/UxwESfZIw=="],

    "@resvg/resvg-js-linux-arm64-gnu": ["@resvg/resvg-js-linux-arm64-gnu@2.6.2", "", { "os": "linux", "cpu": "arm64" }, "sha512-zc2BlJSim7YR4FZDQ8OUoJg5holYzdiYMeobb9pJuGDidGL9KZUv7SbiD4E8oZogtYY42UZEap7dqkkYuA91pg=="],

    "@resvg/resvg-js-linux-arm64-musl": ["@resvg/resvg-js-linux-arm64-musl@2.6.2", "", { "os": "linux", "cpu": "arm64" }, "sha512-3h3dLPWNgSsD4lQBJPb4f+kvdOSJHa5PjTYVsWHxLUzH4IFTJUAnmuWpw4KqyQ3NA5QCyhw4TWgxk3jRkQxEKg=="],

    "@resvg/resvg-js-linux-x64-gnu": ["@resvg/resvg-js-linux-x64-gnu@2.6.2", "", { "os": "linux", "cpu": "x64" }, "sha512-IVUe+ckIerA7xMZ50duAZzwf1U7khQe2E0QpUxu5MBJNao5RqC0zwV/Zm965vw6D3gGFUl7j4m+oJjubBVoftw=="],

    "@resvg/resvg-js-linux-x64-musl": ["@resvg/resvg-js-linux-x64-musl@2.6.2", "", { "os": "linux", "cpu": "x64" }, "sha512-UOf83vqTzoYQO9SZ0fPl2ZIFtNIz/Rr/y+7X8XRX1ZnBYsQ/tTb+cj9TE+KHOdmlTFBxhYzVkP2lRByCzqi4jQ=="],

    "@resvg/resvg-js-win32-arm64-msvc": ["@resvg/resvg-js-win32-arm64-msvc@2.6.2", "", { "os": "win32", "cpu": "arm64" }, "sha512-7C/RSgCa+7vqZ7qAbItfiaAWhyRSoD4l4BQAbVDqRRsRgY+S+hgS3in0Rxr7IorKUpGE69X48q6/nOAuTJQxeQ=="],

    "@resvg/resvg-js-win32-ia32-msvc": ["@resvg/resvg-js-win32-ia32-msvc@2.6.2", "", { "os": "win32", "cpu": "ia32" }, "sha512-har4aPAlvjnLcil40AC77YDIk6loMawuJwFINEM7n0pZviwMkMvjb2W5ZirsNOZY4aDbo5tLx0wNMREp5Brk+w=="],

    "@resvg/resvg-js-win32-x64-msvc": ["@resvg/resvg-js-win32-x64-msvc@2.6.2", "", { "os": "win32", "cpu": "x64" }, "sha512-ZXtYhtUr5SSaBrUDq7DiyjOFJqBVL/dOBN7N/qmi/pO0IgiWW/f/ue3nbvu9joWE5aAKDoIzy/CxsY0suwGosQ=="],

    "@scarf/scarf": ["@scarf/scarf@1.4.0", "", {}, "sha512-xxeapPiUXdZAE3che6f3xogoJPeZgig6omHEy1rIY5WVsB3H2BHNnZH+gHG6x91SCWyQCzWGsuL2Hh3ClO5/qQ=="],

    "@scure/base": ["@scure/base@1.2.6", "", {}, "sha512-g/nm5FgUa//MCj1gV09zTJTaM6KBAHqLN907YVQqf7zC49+DcO4B1so4ZX07Ef10Twr6nuqYEH9GEggFXA4Fmg=="],

    "@solana/buffer-layout": ["@solana/buffer-layout@4.0.1", "", { "dependencies": { "buffer": "~6.0.3" } }, ""],

    "@solana/buffer-layout-utils": ["@solana/buffer-layout-utils@0.2.0", "", { "dependencies": { "@solana/buffer-layout": "^4.0.0", "@solana/web3.js": "^1.32.0", "bigint-buffer": "^1.1.5", "bignumber.js": "^9.0.1" } }, ""],

    "@solana/codecs": ["@solana/codecs@2.0.0-rc.1", "", { "dependencies": { "@solana/codecs-core": "2.0.0-rc.1", "@solana/codecs-data-structures": "2.0.0-rc.1", "@solana/codecs-numbers": "2.0.0-rc.1", "@solana/codecs-strings": "2.0.0-rc.1", "@solana/options": "2.0.0-rc.1" }, "peerDependencies": { "typescript": ">=5" } }, ""],

    "@solana/codecs-core": ["@solana/codecs-core@5.5.1", "", { "dependencies": { "@solana/errors": "5.5.1" }, "peerDependencies": { "typescript": "^5.0.0" } }, "sha512-TgBt//bbKBct0t6/MpA8ElaOA3sa8eYVvR7LGslCZ84WiAwwjCY0lW/lOYsFHJQzwREMdUyuEyy5YWBKtdh8Rw=="],

    "@solana/codecs-data-structures": ["@solana/codecs-data-structures@2.0.0-rc.1", "", { "dependencies": { "@solana/codecs-core": "2.0.0-rc.1", "@solana/codecs-numbers": "2.0.0-rc.1", "@solana/errors": "2.0.0-rc.1" }, "peerDependencies": { "typescript": ">=5" } }, ""],

    "@solana/codecs-numbers": ["@solana/codecs-numbers@5.5.1", "", { "dependencies": { "@solana/codecs-core": "5.5.1", "@solana/errors": "5.5.1" }, "peerDependencies": { "typescript": "^5.0.0" } }, "sha512-rllMIZAHqmtvC0HO/dc/21wDuWaD0B8Ryv8o+YtsICQBuiL/0U4AGwH7Pi5GNFySYk0/crSuwfIqQFtmxNSPFw=="],

    "@solana/codecs-strings": ["@solana/codecs-strings@2.0.0-rc.1", "", { "dependencies": { "@solana/codecs-core": "2.0.0-rc.1", "@solana/codecs-numbers": "2.0.0-rc.1", "@solana/errors": "2.0.0-rc.1" }, "peerDependencies": { "fastestsmallesttextencoderdecoder": "^1.0.22", "typescript": ">=5" } }, ""],

    "@solana/errors": ["@solana/errors@5.5.1", "", { "dependencies": { "chalk": "5.6.2", "commander": "14.0.2" }, "peerDependencies": { "typescript": "^5.0.0" }, "bin": { "errors": "bin/cli.mjs" } }, "sha512-vFO3p+S7HoyyrcAectnXbdsMfwUzY2zYFUc2DEe5BwpiE9J1IAxPBGjOWO6hL1bbYdBrlmjNx8DXCslqS+Kcmg=="],

    "@solana/options": ["@solana/options@2.0.0-rc.1", "", { "dependencies": { "@solana/codecs-core": "2.0.0-rc.1", "@solana/codecs-data-structures": "2.0.0-rc.1", "@solana/codecs-numbers": "2.0.0-rc.1", "@solana/codecs-strings": "2.0.0-rc.1", "@solana/errors": "2.0.0-rc.1" }, "peerDependencies": { "typescript": ">=5" } }, ""],

    "@solana/spl-token": ["@solana/spl-token@0.4.14", "", { "dependencies": { "@solana/buffer-layout": "^4.0.0", "@solana/buffer-layout-utils": "^0.2.0", "@solana/spl-token-group": "^0.0.7", "@solana/spl-token-metadata": "^0.1.6", "buffer": "^6.0.3" }, "peerDependencies": { "@solana/web3.js": "^1.95.5" } }, ""],

    "@solana/spl-token-group": ["@solana/spl-token-group@0.0.7", "", { "dependencies": { "@solana/codecs": "2.0.0-rc.1" }, "peerDependencies": { "@solana/web3.js": "^1.95.3" } }, ""],

    "@solana/spl-token-metadata": ["@solana/spl-token-metadata@0.1.6", "", { "dependencies": { "@solana/codecs": "2.0.0-rc.1" }, "peerDependencies": { "@solana/web3.js": "^1.95.3" } }, ""],

    "@solana/spl-type-length-value": ["@solana/spl-type-length-value@0.1.0", "", { "dependencies": { "buffer": "^6.0.3" } }, "sha512-JBMGB0oR4lPttOZ5XiUGyvylwLQjt1CPJa6qQ5oM+MBCndfjz2TKKkw0eATlLLcYmq1jBVsNlJ2cD6ns2GR7lA=="],

    "@solana/web3.js": ["@solana/web3.js@1.99.0", "", { "dependencies": { "@babel/runtime": "^7.29.7", "@noble/curves": "^1.9.7", "@noble/hashes": "^1.8.0", "@solana/buffer-layout": "^4.0.1", "@solana/codecs-numbers": "^5.5.1", "agentkeepalive": "^4.6.0", "bn.js": "^5.2.5", "borsh": "^0.7.0", "bs58": "^4.0.1", "buffer": "6.0.3", "fast-stable-stringify": "^1.0.0", "jayson": "^4.3.0", "node-fetch": "^2.7.0", "rpc-websockets": "^9.0.2", "superstruct": "^2.0.2" } }, "sha512-QZYQ2T1z6xWisoyALPq25i/QZTsRlM02BABtAsfaQ1p8wX4SdTfxrKTRue/ZZqrhNVh5oL7T/DUFiTS9DRgxow=="],

    "@swc/helpers": ["@swc/helpers@0.5.18", "", { "dependencies": { "tslib": "^2.8.0" } }, ""],

    "@types/bun": ["@types/bun@1.3.11", "", { "dependencies": { "bun-types": "1.3.11" } }, "sha512-5vPne5QvtpjGpsGYXiFyycfpDF2ECyPcTSsFBMa0fraoxiQyMJ3SmuQIGhzPg2WJuWxVBoxWJ2kClYTcw/4fAg=="],

    "@types/connect": ["@types/connect@3.4.38", "", { "dependencies": { "@types/node": "*" } }, ""],

    "@types/node": ["@types/node@22.19.11", "", { "dependencies": { "undici-types": "~6.21.0" } }, ""],

    "@types/uuid": ["@types/uuid@10.0.0", "", {}, "sha512-7gqG38EyHgyP1S+7+xomFtL+ZNHcKv6DwNaCZmJmo1vgMugyF3TCnXVg4t1uk89mLNwnLtnY3TpOpCOyp1/xHQ=="],

    "@types/ws": ["@types/ws@7.4.7", "", { "dependencies": { "@types/node": "*" } }, ""],

    "aes-js": ["aes-js@4.0.0-beta.5", "", {}, "sha512-G965FqalsNyrPqgEGON7nIx1e/OVENSgiEIzyC63haUMuvNnwIgIjMs52hlTCKhkBny7A2ORNlfY9Zu+jmGk1Q=="],

    "agentkeepalive": ["agentkeepalive@4.6.0", "", { "dependencies": { "humanize-ms": "^1.2.1" } }, ""],

    "base-x": ["base-x@3.0.11", "", { "dependencies": { "safe-buffer": "^5.0.1" } }, ""],

    "base64-js": ["base64-js@1.5.1", "", {}, ""],

    "bigint-buffer": ["bigint-buffer@1.1.5", "", { "dependencies": { "bindings": "^1.3.0" } }, ""],

    "bignumber.js": ["bignumber.js@9.3.1", "", {}, ""],

    "bindings": ["bindings@1.5.0", "", { "dependencies": { "file-uri-to-path": "1.0.0" } }, ""],

    "bn.js": ["bn.js@5.2.5", "", {}, "sha512-Vq886eXykuP5E6HcKSSStP3bJgrE6In5WKxVUvJ8XGpWWYs2xZHWqUwzCtGgEtBcxyd57KBFDPFoUfNzdaHCNg=="],

    "borsh": ["borsh@2.0.0", "", {}, "sha512-kc9+BgR3zz9+cjbwM8ODoUB4fs3X3I5A/HtX7LZKxCLaMrEeDFoBpnhZY//DTS1VZBSs6S5v46RZRbZjRFspEg=="],

    "bs58": ["bs58@4.0.1", "", { "dependencies": { "base-x": "^3.0.2" } }, ""],

    "buffer": ["buffer@6.0.3", "", { "dependencies": { "base64-js": "^1.3.1", "ieee754": "^1.2.1" } }, ""],

    "buffer-layout": ["buffer-layout@1.2.2", "", {}, ""],

    "bufferutil": ["bufferutil@4.1.0", "", { "dependencies": { "node-gyp-build": "^4.3.0" } }, "sha512-ZMANVnAixE6AWWnPzlW2KpUrxhm9woycYvPOo67jWHyFowASTEd9s+QN1EIMsSDtwhIxN4sWE1jotpuDUIgyIw=="],

    "bun-types": ["bun-types@1.3.11", "", { "dependencies": { "@types/node": "*" } }, "sha512-1KGPpoxQWl9f6wcZh57LvrPIInQMn2TQ7jsgxqpRzg+l0QPOFvJVH7HmvHo/AiPgwXy+/Thf6Ov3EdVn1vOabg=="],

    "camelcase": ["camelcase@6.3.0", "", {}, ""],

    "chalk": ["chalk@5.6.2", "", {}, ""],

    "commander": ["commander@2.20.3", "", {}, ""],

    "cross-fetch": ["cross-fetch@3.2.0", "", { "dependencies": { "node-fetch": "^2.7.0" } }, ""],

    "delay": ["delay@5.0.0", "", {}, ""],

    "dotenv": ["dotenv@17.4.2", "", {}, "sha512-nI4U3TottKAcAD9LLud4Cb7b2QztQMUEfHbvhTH09bqXTxnSie8WnjPALV/WMCrJZ6UV/qHJ6L03OqO3LcdYZw=="],

    "es6-promise": ["es6-promise@4.2.8", "", {}, ""],

    "es6-promisify": ["es6-promisify@5.0.0", "", { "dependencies": { "es6-promise": "^4.0.3" } }, ""],

    "ethers": ["ethers@6.17.0", "", { "dependencies": { "@adraffy/ens-normalize": "1.11.1", "@noble/curves": "1.2.0", "@noble/hashes": "1.3.2", "@types/node": "22.7.5", "aes-js": "4.0.0-beta.5", "tslib": "2.7.0", "ws": "8.21.0" } }, "sha512-BpyrpIPJ3ydEVow8zGaz1DuPS7YU8DcWxuBnY9a0UA/lvAPwrMr+EPXsfrul628SRaekPNeIM4UFh/91GWZang=="],

    "eventemitter3": ["eventemitter3@4.0.7", "", {}, ""],

    "eyes": ["eyes@0.1.8", "", {}, ""],

    "fast-stable-stringify": ["fast-stable-stringify@1.0.0", "", {}, ""],

    "fastestsmallesttextencoderdecoder": ["fastestsmallesttextencoderdecoder@1.0.22", "", {}, ""],

    "file-uri-to-path": ["file-uri-to-path@1.0.0", "", {}, ""],

    "graphemesplit": ["graphemesplit@2.6.0", "", { "dependencies": { "js-base64": "^3.6.0", "unicode-trie": "^2.0.0" } }, "sha512-rG9w2wAfkpg0DILa1pjnjNfucng3usON360shisqIMUBw/87pojcBSrHmeE4UwryAuBih7g8m1oilf5/u8EWdQ=="],

    "hono": ["hono@4.13.8", "", {}, "sha512-/Gng7NfoykZl2pjukW5Z6+8Yxm3BPRf86GTbQnt0SbySkvax4fyL4H3HhY1cCpBGmiW9XDRFzRV+CXK2W8QudQ=="],

    "humanize-ms": ["humanize-ms@1.2.1", "", { "dependencies": { "ms": "^2.0.0" } }, ""],

    "ieee754": ["ieee754@1.2.1", "", {}, ""],

    "ipaddr.js": ["ipaddr.js@2.4.0", "", {}, "sha512-9VGk3HGanVE6JoZXHiCpnGy5X0jYDnN4EA4lntFPj+1vIWlFhIylq2CrrCOJH9EAhc5CYhq18F2Av2tgoAPsYQ=="],

    "isomorphic-ws": ["isomorphic-ws@4.0.1", "", { "peerDependencies": { "ws": "*" } }, ""],

    "jayson": ["jayson@4.3.0", "", { "dependencies": { "@types/connect": "^3.4.33", "@types/node": "^12.12.54", "@types/ws": "^7.4.4", "commander": "^2.20.3", "delay": "^5.0.0", "es6-promisify": "^5.0.0", "eyes": "^0.1.8", "isomorphic-ws": "^4.0.1", "json-stringify-safe": "^5.0.1", "stream-json": "^1.9.1", "uuid": "^8.3.2", "ws": "^7.5.10" }, "bin": "bin/jayson.js" }, ""],

    "js-base64": ["js-base64@3.7.8", "", {}, "sha512-hNngCeKxIUQiEUN3GPJOkz4wF/YvdUdbNL9hsBcMQTkKzboD7T/q3OYOuuPZLUE6dBxSGpwhk5mwuDud7JVAow=="],

    "json-stringify-safe": ["json-stringify-safe@5.0.1", "", {}, ""],

    "ms": ["ms@2.1.3", "", {}, ""],

    "node-fetch": ["node-fetch@2.7.0", "", { "dependencies": { "whatwg-url": "^5.0.0" }, "peerDependencies": { "encoding": "^0.1.0" }, "optionalPeers": ["encoding"] }, ""],

    "node-gyp-build": ["node-gyp-build@4.8.4", "", { "bin": { "node-gyp-build": "bin.js", "node-gyp-build-optional": "optional.js", "node-gyp-build-test": "build-test.js" } }, "sha512-LA4ZjwlnUblHVgq0oBF3Jl/6h/Nvs5fzBLwdEF4nuxnFdsfajde4WfxtJr3CaiH+F6ewcIB/q4jQ4UzPyid+CQ=="],

    "pako": ["pako@2.1.0", "", {}, ""],

    "punycode": ["punycode@2.3.1", "", {}, "sha512-vYt7UD1U9Wg6138shLtLOvdAu+8DsC/ilFtEVHcH+wydcSpNE20AfSOduf6MkRFahL5FY7X1oU7nKVZFtfq8Fg=="],

    "rpc-websockets": ["rpc-websockets@9.3.9", "", { "dependencies": { "@swc/helpers": "^0.5.11", "@types/uuid": "^10.0.0", "@types/ws": "^8.2.2", "buffer": "^6.0.3", "eventemitter3": "^5.0.1", "uuid": "^14.0.0", "ws": "^8.5.0" }, "optionalDependencies": { "bufferutil": "^4.0.1", "utf-8-validate": "^6.0.0" } }, "sha512-2iQDaTB4g5fDB2ihrTFSJSibCEuxaRi1q7qTW7ZO9/M5/TC+ToHA4D9/ffNLEbAoHNNrcdeP05oATNk44SKZXA=="],

    "safe-buffer": ["safe-buffer@5.2.1", "", {}, ""],

    "stream-chain": ["stream-chain@2.2.5", "", {}, ""],

    "stream-json": ["stream-json@1.9.1", "", { "dependencies": { "stream-chain": "^2.2.5" } }, ""],

    "superstruct": ["superstruct@0.15.5", "", {}, ""],

    "swagger-ui-dist": ["swagger-ui-dist@5.32.6", "", { "dependencies": { "@scarf/scarf": "=1.4.0" } }, "sha512-75ttZNaYCLoFPnozPZcTUU6mS3wKT8l7WLjU5zJSHFeJa23i5vtnze6IiCl4jDMPeQTXVXIgovq4M11NNfQvSA=="],

    "text-encoding-utf-8": ["text-encoding-utf-8@1.0.2", "", {}, ""],

    "tiny-inflate": ["tiny-inflate@1.0.3", "", {}, "sha512-pkY1fj1cKHb2seWDy0B16HeWyczlJA9/WW3u3c4z/NiWDsO3DOU5D7nhTLE9CF0yXv/QZFY7sEJmj24dK+Rrqw=="],

    "toml": ["toml@3.0.0", "", {}, ""],

    "tr46": ["tr46@0.0.3", "", {}, ""],

    "tslib": ["tslib@2.7.0", "", {}, "sha512-gLXCKdN1/j47AiHiOkJN69hJmcbGTHI0ImLmbYLHykhgeN0jVGola9yVjFgzCUklsZQMW55o+dW7IXv3RCXDzA=="],

    "typescript": ["typescript@5.9.3", "", { "bin": { "tsc": "bin/tsc", "tsserver": "bin/tsserver" } }, ""],

    "undici-types": ["undici-types@6.21.0", "", {}, ""],

    "unicode-trie": ["unicode-trie@2.0.0", "", { "dependencies": { "pako": "^0.2.5", "tiny-inflate": "^1.0.0" } }, "sha512-x7bc76x0bm4prf1VLg79uhAzKw8DVboClSN5VxJuQ+LKDOVEW9CdH+VY7SP+vX7xCYQqzzgQpFqz15zeLvAtZQ=="],

    "utf-8-validate": ["utf-8-validate@6.0.6", "", { "dependencies": { "node-gyp-build": "^4.3.0" } }, "sha512-q3l3P9UtEEiAHcsgsqTgf9PPjctrDWoIXW3NpOHFdRDbLvu4DLIcxHangJ4RLrWkBcKjmcs/6NkerI8T/rE4LA=="],

    "uuid": ["uuid@8.3.2", "", { "bin": "dist/bin/uuid" }, ""],

    "webidl-conversions": ["webidl-conversions@3.0.1", "", {}, ""],

    "whatwg-url": ["whatwg-url@5.0.0", "", { "dependencies": { "tr46": "~0.0.3", "webidl-conversions": "^3.0.0" } }, ""],

    "ws": ["ws@8.21.0", "", { "peerDependencies": { "bufferutil": "^4.0.1", "utf-8-validate": ">=5.0.2" } }, "sha512-Vsp28b7DRcimFQvrqu2Wek3z1iYxDCWqHYB8Qsnk/S4RfaCQzPGPyBNuVjJV3cd6UiKtUtp6sNM77gWvzcCH+g=="],

    "yaml": ["yaml@2.9.1", "", { "bin": "bin.mjs" }, "sha512-3NxN8+78OdzbT7C/WjGsyfPAtJaN3FNDsWxv7Y7mcDsT/oOmgW8BpyQQFFBnvZE3j9Y2Sdz1ULFLezL7Eb2yFw=="],

    "@bonfida/sns-records/borsh": ["borsh@1.0.0", "", {}, "sha512-fSVWzzemnyfF89EPwlUNsrS5swF5CrtiN4e+h0/lLf4dz2he4L3ndM20PS9wj7ICSkXJe/TQUHdaPTq15b1mNQ=="],

    "@bonfida/sns-records/bs58": ["bs58@5.0.0", "", { "dependencies": { "base-x": "^4.0.0" } }, "sha512-r+ihvQJvahgYT50JD05dyJNKlmmSlMoOGwn1lCcEzanPglg7TxYjioQUYehQ9mAR/+hOSd2jRc/Z2y5UxBymvQ=="],

    "@bonfida/spl-name-service/@solana/spl-token": ["@solana/spl-token@0.4.6", "", { "dependencies": { "@solana/buffer-layout": "^4.0.0", "@solana/buffer-layout-utils": "^0.2.0", "@solana/spl-token-group": "^0.0.4", "@solana/spl-token-metadata": "^0.1.4", "buffer": "^6.0.3" }, "peerDependencies": { "@solana/web3.js": "^1.91.6" } }, "sha512-1nCnUqfHVtdguFciVWaY/RKcQz1IF4b31jnKgAmjU9QVN1q7dRUkTEWJZgTYIEtsULjVnC9jRqlhgGN39WbKKA=="],

    "@iqlabs-official/ethereum-sdk/@noble/curves": ["@noble/curves@2.4.0", "", { "dependencies": { "@noble/hashes": "2.4.0" } }, "sha512-P4/62zrgfH33CneE3Dn4WhJVA22YUU0eR51wKIan4NVRvwsA0YnPTwWGpNbpuacSujmSFLvyzpyuR30+fbq2Ew=="],

    "@iqlabs-official/solana-sdk/@noble/curves": ["@noble/curves@2.2.0", "", { "dependencies": { "@noble/hashes": "2.2.0" } }, "sha512-T/BoHgFXirb0ENSPBquzX0rcjXeM6Lo892a2jlYJkqk83LqZx0l1Of7DzlKJ6jkpvMrkHSnAcgb5JegL8SeIkQ=="],

    "@solana/codecs/@solana/codecs-core": ["@solana/codecs-core@2.0.0-rc.1", "", { "dependencies": { "@solana/errors": "2.0.0-rc.1" }, "peerDependencies": { "typescript": ">=5" } }, ""],

    "@solana/codecs/@solana/codecs-numbers": ["@solana/codecs-numbers@2.0.0-rc.1", "", { "dependencies": { "@solana/codecs-core": "2.0.0-rc.1", "@solana/errors": "2.0.0-rc.1" }, "peerDependencies": { "typescript": ">=5" } }, ""],

    "@solana/codecs-data-structures/@solana/codecs-core": ["@solana/codecs-core@2.0.0-rc.1", "", { "dependencies": { "@solana/errors": "2.0.0-rc.1" }, "peerDependencies": { "typescript": ">=5" } }, ""],

    "@solana/codecs-data-structures/@solana/codecs-numbers": ["@solana/codecs-numbers@2.0.0-rc.1", "", { "dependencies": { "@solana/codecs-core": "2.0.0-rc.1", "@solana/errors": "2.0.0-rc.1" }, "peerDependencies": { "typescript": ">=5" } }, ""],

    "@solana/codecs-data-structures/@solana/errors": ["@solana/errors@2.0.0-rc.1", "", { "dependencies": { "chalk": "^5.3.0", "commander": "^12.1.0" }, "peerDependencies": { "typescript": ">=5" }, "bin": { "errors": "bin/cli.mjs" } }, ""],

    "@solana/codecs-strings/@solana/codecs-core": ["@solana/codecs-core@2.0.0-rc.1", "", { "dependencies": { "@solana/errors": "2.0.0-rc.1" }, "peerDependencies": { "typescript": ">=5" } }, ""],

    "@solana/codecs-strings/@solana/codecs-numbers": ["@solana/codecs-numbers@2.0.0-rc.1", "", { "dependencies": { "@solana/codecs-core": "2.0.0-rc.1", "@solana/errors": "2.0.0-rc.1" }, "peerDependencies": { "typescript": ">=5" } }, ""],

    "@solana/codecs-strings/@solana/errors": ["@solana/errors@2.0.0-rc.1", "", { "dependencies": { "chalk": "^5.3.0", "commander": "^12.1.0" }, "peerDependencies": { "typescript": ">=5" }, "bin": { "errors": "bin/cli.mjs" } }, ""],

    "@solana/errors/commander": ["commander@14.0.2", "", {}, "sha512-TywoWNNRbhoD0BXs1P3ZEScW8W5iKrnbithIl0YH+uCmBd0QpPOA8yc82DS3BIE5Ma6FnBVUsJ7wVUDz4dvOWQ=="],

    "@solana/options/@solana/codecs-core": ["@solana/codecs-core@2.0.0-rc.1", "", { "dependencies": { "@solana/errors": "2.0.0-rc.1" }, "peerDependencies": { "typescript": ">=5" } }, ""],

    "@solana/options/@solana/codecs-numbers": ["@solana/codecs-numbers@2.0.0-rc.1", "", { "dependencies": { "@solana/codecs-core": "2.0.0-rc.1", "@solana/errors": "2.0.0-rc.1" }, "peerDependencies": { "typescript": ">=5" } }, ""],

    "@solana/options/@solana/errors": ["@solana/errors@2.0.0-rc.1", "", { "dependencies": { "chalk": "^5.3.0", "commander": "^12.1.0" }, "peerDependencies": { "typescript": ">=5" }, "bin": { "errors": "bin/cli.mjs" } }, ""],

    "@solana/web3.js/borsh": ["borsh@0.7.0", "", { "dependencies": { "bn.js": "^5.2.0", "bs58": "^4.0.0", "text-encoding-utf-8": "^1.0.2" } }, ""],

    "@solana/web3.js/superstruct": ["superstruct@2.0.2", "", {}, ""],

    "@swc/helpers/tslib": ["tslib@2.8.1", "", {}, ""],

    "@types/connect/@types/node": ["@types/node@25.0.10", "", { "dependencies": { "undici-types": "~7.16.0" } }, ""],

    "@types/ws/@types/node": ["@types/node@25.0.10", "", { "dependencies": { "undici-types": "~7.16.0" } }, ""],

    "ethers/@noble/curves": ["@noble/curves@1.2.0", "", { "dependencies": { "@noble/hashes": "1.3.2" } }, "sha512-oYclrNgRaM9SsBUBVbb8M6DTV7ZHRTKugureoYEncY5c65HOmRzvSiTE3y5CYaPYJA/GVkrhXEoF0M3Ya9PMnw=="],

    "ethers/@noble/hashes": ["@noble/hashes@1.3.2", "", {}, "sha512-MVC8EAQp7MvEcm30KWENFjgR+Mkmf+D189XJTkFIlwohU5hcBbn1ZkKq7KVTi2Hme3PMGF390DaL52beVrIihQ=="],

    "ethers/@types/node": ["@types/node@22.7.5", "", { "dependencies": { "undici-types": "~6.19.2" } }, "sha512-jML7s2NAzMWc//QSJ1a3prpk78cOPchGvXJsC3C6R6PSMoooztvRVQEz89gmBTBY1SPMaqo5teB4uNHPdetShQ=="],

    "jayson/@types/node": ["@types/node@12.20.55", "", {}, ""],

    "jayson/ws": ["ws@7.5.13", "", { "peerDependencies": { "bufferutil": "^4.0.1", "utf-8-validate": "^5.0.2" } }, "sha512-rsKI6xDBFVf4r/x8XyChGK04QR/XHroxs/jUcoWvtEZM8TPU/X/uIY9B1CsSzYws9ZJb/6bbBu7dPhFW00CAoA=="],

    "rpc-websockets/@types/ws": ["@types/ws@8.18.1", "", { "dependencies": { "@types/node": "*" } }, ""],

    "rpc-websockets/eventemitter3": ["eventemitter3@5.0.4", "", {}, ""],

    "rpc-websockets/uuid": ["uuid@14.0.2", "", { "bin": "dist-node/bin/uuid" }, "sha512-xZe/16rV4aa+HGSOCiY2YeLT1OybRLrrkL/Rqaq7p7GMVXjFh+6wN4oMYgjFmnSnhY8t6Xpdl2l9qmnHYuMHwQ=="],

    "rpc-websockets/ws": ["ws@8.21.3", "", { "peerDependencies": { "bufferutil": "^4.0.1", "utf-8-validate": ">=5.0.2" } }, "sha512-201TZ/kPWxoPr/OKWjquZR1SWKXcvxdH+e1xrx89b3YbmzLMFCLfnaG1HFIgWzJOEWZ7MvpK++odZufgYR50Rw=="],

    "unicode-trie/pako": ["pako@0.2.9", "", {}, "sha512-NUcwaKxUxWrZLpDG+z/xZaCgQITkA/Dv4V/T6bw7VON6l1Xz/VnrBqrYjZQ12TamKHzITTfOEIYUj48y2KXImA=="],

    "@bonfida/sns-records/bs58/base-x": ["base-x@4.0.1", "", {}, "sha512-uAZ8x6r6S3aUM9rbHGVOIsR15U/ZSc82b3ymnCPsT45Gk1DDvhDPdIgB5MrhirZWt+5K0EEPQH985kNqZgNPFw=="],

    "@bonfida/spl-name-service/@solana/spl-token/@solana/spl-token-group": ["@solana/spl-token-group@0.0.4", "", { "dependencies": { "@solana/codecs": "2.0.0-preview.2", "@solana/spl-type-length-value": "0.1.0" }, "peerDependencies": { "@solana/web3.js": "^1.91.6" } }, "sha512-7+80nrEMdUKlK37V6kOe024+T7J4nNss0F8LQ9OOPYdWCCfJmsGUzVx2W3oeizZR4IHM6N4yC9v1Xqwc3BTPWw=="],

    "@iqlabs-official/ethereum-sdk/@noble/curves/@noble/hashes": ["@noble/hashes@2.4.0", "", {}, "sha512-X5XaVWZIBCT7HHZGm5I7ZQXDwLG+bGXuSrMQAW+7Zvl87h1kmc1ZB1VSRJcpUfoUrGQp4Fkoxm5kZ+Ms+aW+eA=="],

    "@iqlabs-official/solana-sdk/@noble/curves/@noble/hashes": ["@noble/hashes@2.2.0", "", {}, "sha512-IYqDGiTXab6FniAgnSdZwgWbomxpy9FtYvLKs7wCUs2a8RkITG+DFGO1DM9cr+E3/RgADRpFjrKVaJ1z6sjtEg=="],

    "@solana/codecs-data-structures/@solana/errors/commander": ["commander@12.1.0", "", {}, ""],

    "@solana/codecs-strings/@solana/errors/commander": ["commander@12.1.0", "", {}, ""],

    "@solana/codecs/@solana/codecs-core/@solana/errors": ["@solana/errors@2.0.0-rc.1", "", { "dependencies": { "chalk": "^5.3.0", "commander": "^12.1.0" }, "peerDependencies": { "typescript": ">=5" }, "bin": { "errors": "bin/cli.mjs" } }, ""],

    "@solana/codecs/@solana/codecs-numbers/@solana/errors": ["@solana/errors@2.0.0-rc.1", "", { "dependencies": { "chalk": "^5.3.0", "commander": "^12.1.0" }, "peerDependencies": { "typescript": ">=5" }, "bin": { "errors": "bin/cli.mjs" } }, ""],

    "@solana/options/@solana/errors/commander": ["commander@12.1.0", "", {}, ""],

    "@types/connect/@types/node/undici-types": ["undici-types@7.16.0", "", {}, ""],

    "@types/ws/@types/node/undici-types": ["undici-types@7.16.0", "", {}, ""],

    "ethers/@types/node/undici-types": ["undici-types@6.19.8", "", {}, "sha512-ve2KP6f/JnbPBFyobGHuerC9g1FYGn/F8n1LWTwNxCEzd6IfqTwUQcNXgEtmmQ6DlRrC1hrSrBnCZPokRrDHjw=="],

    "jayson/ws/utf-8-validate": ["utf-8-validate@5.0.10", "", { "dependencies": { "node-gyp-build": "^4.3.0" } }, "sha512-Z6czzLq4u8fPOyx7TU6X3dvUZVvoJmxSQ+IcrlmagKhilxlhZgxPK6C5Jqbkw1IDUmFTM+cz9QDnnLTwDz/2gQ=="],

    "rpc-websockets/@types/ws/@types/node": ["@types/node@25.0.10", "", { "dependencies": { "undici-types": "~7.16.0" } }, ""],

    "@bonfida/spl-name-service/@solana/spl-token/@solana/spl-token-group/@solana/codecs": ["@solana/codecs@2.0.0-preview.2", "", { "dependencies": { "@solana/codecs-core": "2.0.0-preview.2", "@solana/codecs-data-structures": "2.0.0-preview.2", "@solana/codecs-numbers": "2.0.0-preview.2", "@solana/codecs-strings": "2.0.0-preview.2", "@solana/options": "2.0.0-preview.2" } }, "sha512-4HHzCD5+pOSmSB71X6w9ptweV48Zj1Vqhe732+pcAQ2cMNnN0gMPMdDq7j3YwaZDZ7yrILVV/3+HTnfT77t2yA=="],

    "@solana/codecs/@solana/codecs-core/@solana/errors/commander": ["commander@12.1.0", "", {}, ""],

    "@solana/codecs/@solana/codecs-numbers/@solana/errors/commander": ["commander@12.1.0", "", {}, ""],

    "rpc-websockets/@types/ws/@types/node/undici-types": ["undici-types@7.16.0", "", {}, ""],

    "@bonfida/spl-name-service/@solana/spl-token/@solana/spl-token-group/@solana/codecs/@solana/codecs-core": ["@solana/codecs-core@2.0.0-preview.2", "", { "dependencies": { "@solana/errors": "2.0.0-preview.2" } }, "sha512-gLhCJXieSCrAU7acUJjbXl+IbGnqovvxQLlimztPoGgfLQ1wFYu+XJswrEVQqknZYK1pgxpxH3rZ+OKFs0ndQg=="],

    "@bonfida/spl-name-service/@solana/spl-token/@solana/spl-token-group/@solana/codecs/@solana/codecs-data-structures": ["@solana/codecs-data-structures@2.0.0-preview.2", "", { "dependencies": { "@solana/codecs-core": "2.0.0-preview.2", "@solana/codecs-numbers": "2.0.0-preview.2", "@solana/errors": "2.0.0-preview.2" } }, "sha512-Xf5vIfromOZo94Q8HbR04TbgTwzigqrKII0GjYr21K7rb3nba4hUW2ir8kguY7HWFBcjHGlU5x3MevKBOLp3Zg=="],

    "@bonfida/spl-name-service/@solana/spl-token/@solana/spl-token-group/@solana/codecs/@solana/codecs-numbers": ["@solana/codecs-numbers@2.0.0-preview.2", "", { "dependencies": { "@solana/codecs-core": "2.0.0-preview.2", "@solana/errors": "2.0.0-preview.2" } }, "sha512-aLZnDTf43z4qOnpTcDsUVy1Ci9im1Md8thWipSWbE+WM9ojZAx528oAql+Cv8M8N+6ALKwgVRhPZkto6E59ARw=="],

    "@bonfida/spl-name-service/@solana/spl-token/@solana/spl-token-group/@solana/codecs/@solana/codecs-strings": ["@solana/codecs-strings@2.0.0-preview.2", "", { "dependencies": { "@solana/codecs-core": "2.0.0-preview.2", "@solana/codecs-numbers": "2.0.0-preview.2", "@solana/errors": "2.0.0-preview.2" }, "peerDependencies": { "fastestsmallesttextencoderdecoder": "^1.0.22" } }, "sha512-EgBwY+lIaHHgMJIqVOGHfIfpdmmUDNoNO/GAUGeFPf+q0dF+DtwhJPEMShhzh64X2MeCZcmSO6Kinx0Bvmmz2g=="],

    "@bonfida/spl-name-service/@solana/spl-token/@solana/spl-token-group/@solana/codecs/@solana/options": ["@solana/options@2.0.0-preview.2", "", { "dependencies": { "@solana/codecs-core": "2.0.0-preview.2", "@solana/codecs-numbers": "2.0.0-preview.2" } }, "sha512-FAHqEeH0cVsUOTzjl5OfUBw2cyT8d5Oekx4xcn5hn+NyPAfQJgM3CEThzgRD6Q/4mM5pVUnND3oK/Mt1RzSE/w=="],

    "@bonfida/spl-name-service/@solana/spl-token/@solana/spl-token-group/@solana/codecs/@solana/codecs-core/@solana/errors": ["@solana/errors@2.0.0-preview.2", "", { "dependencies": { "chalk": "^5.3.0", "commander": "^12.0.0" }, "bin": { "errors": "bin/cli.js" } }, "sha512-H2DZ1l3iYF5Rp5pPbJpmmtCauWeQXRJapkDg8epQ8BJ7cA2Ut/QEtC3CMmw/iMTcuS6uemFNLcWvlOfoQhvQuA=="],

    "@bonfida/spl-name-service/@solana/spl-token/@solana/spl-token-group/@solana/codecs/@solana/codecs-data-structures/@solana/errors": ["@solana/errors@2.0.0-preview.2", "", { "dependencies": { "chalk": "^5.3.0", "commander": "^12.0.0" }, "bin": { "errors": "bin/cli.js" } }, "sha512-H2DZ1l3iYF5Rp5pPbJpmmtCauWeQXRJapkDg8epQ8BJ7cA2Ut/QEtC3CMmw/iMTcuS6uemFNLcWvlOfoQhvQuA=="],

    "@bonfida/spl-name-service/@solana/spl-token/@solana/spl-token-group/@solana/codecs/@solana/codecs-numbers/@solana/errors": ["@solana/errors@2.0.0-preview.2", "", { "dependencies": { "chalk": "^5.3.0", "commander": "^12.0.0" }, "bin": { "errors": "bin/cli.js" } }, "sha512-H2DZ1l3iYF5Rp5pPbJpmmtCauWeQXRJapkDg8epQ8BJ7cA2Ut/QEtC3CMmw/iMTcuS6uemFNLcWvlOfoQhvQuA=="],

    "@bonfida/spl-name-service/@solana/spl-token/@solana/spl-token-group/@solana/codecs/@solana/codecs-strings/@solana/errors": ["@solana/errors@2.0.0-preview.2", "", { "dependencies": { "chalk": "^5.3.0", "commander": "^12.0.0" }, "bin": { "errors": "bin/cli.js" } }, "sha512-H2DZ1l3iYF5Rp5pPbJpmmtCauWeQXRJapkDg8epQ8BJ7cA2Ut/QEtC3CMmw/iMTcuS6uemFNLcWvlOfoQhvQuA=="],

    "@bonfida/spl-name-service/@solana/spl-token/@solana/spl-token-group/@solana/codecs/@solana/codecs-core/@solana/errors/commander": ["commander@12.1.0", "", {}, "sha512-Vw8qHK3bZM9y/P10u3Vib8o/DdkvA2OtPtZvD871QKjy74Wj1WSKFILMPRPSdUSx5RFK1arlJzEtA4PkFgnbuA=="],

    "@bonfida/spl-name-service/@solana/spl-token/@solana/spl-token-group/@solana/codecs/@solana/codecs-data-structures/@solana/errors/commander": ["commander@12.1.0", "", {}, "sha512-Vw8qHK3bZM9y/P10u3Vib8o/DdkvA2OtPtZvD871QKjy74Wj1WSKFILMPRPSdUSx5RFK1arlJzEtA4PkFgnbuA=="],

    "@bonfida/spl-name-service/@solana/spl-token/@solana/spl-token-group/@solana/codecs/@solana/codecs-numbers/@solana/errors/commander": ["commander@12.1.0", "", {}, "sha512-Vw8qHK3bZM9y/P10u3Vib8o/DdkvA2OtPtZvD871QKjy74Wj1WSKFILMPRPSdUSx5RFK1arlJzEtA4PkFgnbuA=="],

    "@bonfida/spl-name-service/@solana/spl-token/@solana/spl-token-group/@solana/codecs/@solana/codecs-strings/@solana/errors/commander": ["commander@12.1.0", "", {}, "sha512-Vw8qHK3bZM9y/P10u3Vib8o/DdkvA2OtPtZvD871QKjy74Wj1WSKFILMPRPSdUSx5RFK1arlJzEtA4PkFgnbuA=="],
  }
}
